github.com/Shopify/go-lua v0.0.0-20250718183320-1e37f32ad7d0 h1:oGlw/+ndlFMn8KWLjEX5nULcDwOC4tJy3Kk1Pm84Cys=
github.com/Shopify/go-lua v0.0.0-20250718183320-1e37f32ad7d0/go.mod h1:M4CxjVc/1Nwka5atBv7G/sb7Ac2BDe3+FxbiT9iVNIQ=
github.com/tetratelabs/wazero v1.12.0 h1:DuWcpNu/FzgEXgGBDp8J1Spc+CWOvvtvVyjKlaZopYU=
github.com/tetratelabs/wazero v1.12.0/go.mod h1:LvKtzl2RqO4gyF27BiXU+nKAjcV8f38U+kP/q2vgxh0=
golang.org/x/sys v0.44.0 h1:ildZl3J4uzeKP07r2F++Op7E9B29JRUy+a27EibtBTQ=
golang.org/x/sys v0.44.0/go.mod h1:4GL1E5IUh+htKOUEOaiffhrAeqysfVGipDYzABqnCmw=
